
Microsoft Visual Studio Solution File, Format Version 12.00
# Visual Studio Version 17
VisualStudioVersion = 17.8.34322.80
MinimumVisualStudioVersion = 10.0.40219.1
Project("{9A19103F-16F7-4668-BE54-9A1E7A4F7556}") = "MoviesProject.Service", "MoviesProject.Service\MoviesProject.Service.csproj", "{9969D81A-A973-4FDC-A1FF-2D67308B7570}"
EndProject
Project("{9A19103F-16F7-4668-BE54-9A1E7A4F7556}") = "MoviesProject.Api", "MoviesProject.Api\MoviesProject.Api.csproj", "{3F253C83-E300-4C12-96F6-C9031EDA6D64}"
EndProject
Global
	GlobalSection(SolutionConfigurationPlatforms) = preSolution
		Debug|Any CPU = Debug|Any CPU
		Release|Any CPU = Release|Any CPU
	EndGlobalSection
	GlobalSection(ProjectConfigurationPlatforms) = postSolution
		{9969D81A-A973-4FDC-A1FF-2D67308B7570}.Debug|Any CPU.ActiveCfg = Debug|Any CPU
		{9969D81A-A973-4FDC-A1FF-2D67308B7570}.Debug|Any CPU.Build.0 = Debug|Any CPU
		{9969D81A-A973-4FDC-A1FF-2D67308B7570}.Release|Any CPU.ActiveCfg = Release|Any CPU
		{9969D81A-A973-4FDC-A1FF-2D67308B7570}.Release|Any CPU.Build.0 = Release|Any CPU
		{3F253C83-E300-4C12-96F6-C9031EDA6D64}.Debug|Any CPU.ActiveCfg = Debug|Any CPU
		{3F253C83-E300-4C12-96F6-C9031EDA6D64}.Debug|Any CPU.Build.0 = Debug|Any CPU
		{3F253C83-E300-4C12-96F6-C9031EDA6D64}.Release|Any CPU.ActiveCfg = Release|Any CPU
		{3F253C83-E300-4C12-96F6-C9031EDA6D64}.Release|Any CPU.Build.0 = Release|Any CPU
	EndGlobalSection
	GlobalSection(SolutionProperties) = preSolution
		HideSolutionNode = FALSE
	EndGlobalSection
	GlobalSection(ExtensibilityGlobals) = postSolution
		SolutionGuid = {3CDA889B-BE37-4595-83B8-76E21560AD0B}
	EndGlobalSection
EndGlobal
